
Microsoft Visual Studio Solution File, Format Version 12.00
# Visual Studio Version 16
VisualStudioVersion = 16.0.810.10
MinimumVisualStudioVersion = 10.0.40219.1
Project("{FAE04EC0-301F-11D3-BF4B-00C04F79EFBC}") = "RMDataManager", "RMDataManager\RMDataManager.csproj", "{058796CC-9CA8-41CE-8C85-EECE05728B51}"
EndProject
Project("{00D1A9C2-B5F0-4AF3-8072-F6C62B433612}") = "RMData", "RMData\RMData.sqlproj", "{00E3C7A0-6272-4A0D-98B6-BA2ECA340B11}"
EndProject
Project("{FAE04EC0-301F-11D3-BF4B-00C04F79EFBC}") = "RMDesktopUI", "RMDesktopUI\RMDesktopUI.csproj", "{6C9C8193-7828-4289-B823-681B3CEF2276}"
EndProject
Project("{FAE04EC0-301F-11D3-BF4B-00C04F79EFBC}") = "RMDataManager.Library", "RMDataManager.Library\RMDataManager.Library.csproj", "{82FD9950-71B0-451B-9F46-2BB0FBC1DB06}"
EndProject
Global
	GlobalSection(SolutionConfigurationPlatforms) = preSolution
		Debug|anycpu = Debug|anycpu
		Release|anycpu = Release|anycpu
	EndGlobalSection
	GlobalSection(ProjectConfigurationPlatforms) = postSolution
		{058796CC-9CA8-41CE-8C85-EECE05728B51}.Debug|anycpu.ActiveCfg = Debug|Any CPU
		{058796CC-9CA8-41CE-8C85-EECE05728B51}.Debug|anycpu.Build.0 = Debug|Any CPU
		{058796CC-9CA8-41CE-8C85-EECE05728B51}.Release|anycpu.ActiveCfg = Release|Any CPU
		{058796CC-9CA8-41CE-8C85-EECE05728B51}.Release|anycpu.Build.0 = Release|Any CPU
		{00E3C7A0-6272-4A0D-98B6-BA2ECA340B11}.Debug|anycpu.ActiveCfg = Debug|Any CPU
		{00E3C7A0-6272-4A0D-98B6-BA2ECA340B11}.Debug|anycpu.Build.0 = Debug|Any CPU
		{00E3C7A0-6272-4A0D-98B6-BA2ECA340B11}.Debug|anycpu.Deploy.0 = Debug|Any CPU
		{00E3C7A0-6272-4A0D-98B6-BA2ECA340B11}.Release|anycpu.ActiveCfg = Release|Any CPU
		{00E3C7A0-6272-4A0D-98B6-BA2ECA340B11}.Release|anycpu.Build.0 = Release|Any CPU
		{00E3C7A0-6272-4A0D-98B6-BA2ECA340B11}.Release|anycpu.Deploy.0 = Release|Any CPU
		{6C9C8193-7828-4289-B823-681B3CEF2276}.Debug|anycpu.ActiveCfg = Debug|Any CPU
		{6C9C8193-7828-4289-B823-681B3CEF2276}.Debug|anycpu.Build.0 = Debug|Any CPU
		{6C9C8193-7828-4289-B823-681B3CEF2276}.Release|anycpu.ActiveCfg = Release|Any CPU
		{6C9C8193-7828-4289-B823-681B3CEF2276}.Release|anycpu.Build.0 = Release|Any CPU
		{82FD9950-71B0-451B-9F46-2BB0FBC1DB06}.Debug|anycpu.ActiveCfg = Debug|Any CPU
		{82FD9950-71B0-451B-9F46-2BB0FBC1DB06}.Debug|anycpu.Build.0 = Debug|Any CPU
		{82FD9950-71B0-451B-9F46-2BB0FBC1DB06}.Release|anycpu.ActiveCfg = Release|Any CPU
		{82FD9950-71B0-451B-9F46-2BB0FBC1DB06}.Release|anycpu.Build.0 = Release|Any CPU
	EndGlobalSection
	GlobalSection(SolutionProperties) = preSolution
		HideSolutionNode = FALSE
	EndGlobalSection
	GlobalSection(ExtensibilityGlobals) = postSolution
		SolutionGuid = {7FF95DD4-3085-480E-AADD-490CD9F36B7C}
	EndGlobalSection
EndGlobal
